
Microsoft Visual Studio Solution File, Format Version 12.00
# Visual Studio 2013
VisualStudioVersion = 12.0.30501.0
MinimumVisualStudioVersion = 10.0.40219.1
Project("{8BC9CEB8-8B4A-11D0-8D11-00A0C91BC942}") = "ViBeColorSpace", "ViBeColorSpace.vcxproj", "{8F577050-69A7-42F7-A20C-75108B92D3CB}"
EndProject
Global
	GlobalSection(SolutionConfigurationPlatforms) = preSolution
		Debug|Win32 = Debug|Win32
		Release|Win32 = Release|Win32
	EndGlobalSection
	GlobalSection(ProjectConfigurationPlatforms) = postSolution
		{8F577050-69A7-42F7-A20C-75108B92D3CB}.Debug|Win32.ActiveCfg = Debug|Win32
		{8F577050-69A7-42F7-A20C-75108B92D3CB}.Debug|Win32.Build.0 = Debug|Win32
		{8F577050-69A7-42F7-A20C-75108B92D3CB}.Release|Win32.ActiveCfg = Release|Win32
		{8F577050-69A7-42F7-A20C-75108B92D3CB}.Release|Win32.Build.0 = Release|Win32
	EndGlobalSection
	GlobalSection(SolutionProperties) = preSolution
		HideSolutionNode = FALSE
	EndGlobalSection
EndGlobal
